{
  "name": "_test",
  "lockfileVersion": 2,
  "requires": true,
  "packages": {
    "": {
      "dependencies": {
        "adm-zip": "^0.5.4",
        "filendir": "^2.0.0",
        "follow-redirects": "^1.13.3"
      }
    },
    "node_modules/adm-zip": {
      "version": "0.5.4",
      "resolved": "https://registry.npmjs.org/adm-zip/-/adm-zip-0.5.4.tgz",
      "integrity": "sha512-GMQg1a1cAegh+/EgWbz+XHZrwB467iB/IgtToldvxs7Xa5Br8mPmvCeRfY/Un2fLzrlIPt6Yu7Cej+8Ut9TGPg==",
      "engines": {
        "node": ">=6.0"
      }
    },
    "node_modules/filendir": {
      "version": "2.0.0",
      "resolved": "https://registry.npmjs.org/filendir/-/filendir-2.0.0.tgz",
      "integrity": "sha512-FHZ/aVVvgxKCsDkFlSaaqduJxTR/VT/xiKtdTiF2gG6+i261nBLO5f0Gmc5R5peg+0fl+L7xvNKcs9j6KSKrzA==",
      "dependencies": {
        "mkdirp": "^1.0.4"
      },
      "engines": {
        "node": ">=10"
      }
    },
    "node_modules/follow-redirects": {
      "version": "1.13.3",
      "resolved": "https://registry.npmjs.org/follow-redirects/-/follow-redirects-1.13.3.tgz",
      "integrity": "sha512-DUgl6+HDzB0iEptNQEXLx/KhTmDb8tZUHSeLqpnjpknR70H0nC2t9N73BK6fN4hOvJ84pKlIQVQ4k5FFlBedKA==",
      "funding": [
        {
          "type": "individual",
          "url": "https://github.com/sponsors/RubenVerborgh"
        }
      ],
      "engines": {
        "node": ">=4.0"
      },
      "peerDependenciesMeta": {
        "debug": {
          "optional": true
        }
      }
    },
    "node_modules/mkdirp": {
      "version": "1.0.4",
      "resolved": "https://registry.npmjs.org/mkdirp/-/mkdirp-1.0.4.tgz",
      "integrity": "sha512-vVqVZQyf3WLx2Shd0qJ9xuvqgAyKPLAiqITEtqW0oIUjzo3PePDd6fW9iFz30ef7Ysp/oiWqbhszeGWW2T6Gzw==",
      "bin": {
        "mkdirp": "bin/cmd.js"
      },
      "engines": {
        "node": ">=10"
      }
    }
  },
  "dependencies": {
    "adm-zip": {
      "version": "0.5.4",
      "resolved": "https://registry.npmjs.org/adm-zip/-/adm-zip-0.5.4.tgz",
      "integrity": "sha512-GMQg1a1cAegh+/EgWbz+XHZrwB467iB/IgtToldvxs7Xa5Br8mPmvCeRfY/Un2fLzrlIPt6Yu7Cej+8Ut9TGPg=="
    },
    "filendir": {
      "version": "2.0.0",
      "resolved": "https://registry.npmjs.org/filendir/-/filendir-2.0.0.tgz",
      "integrity": "sha512-FHZ/aVVvgxKCsDkFlSaaqduJxTR/VT/xiKtdTiF2gG6+i261nBLO5f0Gmc5R5peg+0fl+L7xvNKcs9j6KSKrzA==",
      "requires": {
        "mkdirp": "^1.0.4"
      }
    },
    "follow-redirects": {
      "version": "1.13.3",
      "resolved": "https://registry.npmjs.org/follow-redirects/-/follow-redirects-1.13.3.tgz",
      "integrity": "sha512-DUgl6+HDzB0iEptNQEXLx/KhTmDb8tZUHSeLqpnjpknR70H0nC2t9N73BK6fN4hOvJ84pKlIQVQ4k5FFlBedKA=="
    },
    "mkdirp": {
      "version": "1.0.4",
      "resolved": "https://registry.npmjs.org/mkdirp/-/mkdirp-1.0.4.tgz",
      "integrity": "sha512-vVqVZQyf3WLx2Shd0qJ9xuvqgAyKPLAiqITEtqW0oIUjzo3PePDd6fW9iFz30ef7Ysp/oiWqbhszeGWW2T6Gzw=="
    }
  }
}
